
Microsoft Visual Studio Solution File, Format Version 12.00
# Visual Studio Version 16
VisualStudioVersion = 16.0.29102.190
MinimumVisualStudioVersion = 10.0.40219.1
Project("{FAE04EC0-301F-11D3-BF4B-00C04F79EFBC}") = "guy3-winforms", "guy3-winforms\guy3-winforms.csproj", "{C367EAF1-20C1-4696-8B3C-F0DD2BA428C7}"
EndProject
Global
	GlobalSection(SolutionConfigurationPlatforms) = preSolution
		Debug|Any CPU = Debug|Any CPU
		Release|Any CPU = Release|Any CPU
	EndGlobalSection
	GlobalSection(ProjectConfigurationPlatforms) = postSolution
		{C367EAF1-20C1-4696-8B3C-F0DD2BA428C7}.Debug|Any CPU.ActiveCfg = Debug|Any CPU
		{C367EAF1-20C1-4696-8B3C-F0DD2BA428C7}.Debug|Any CPU.Build.0 = Debug|Any CPU
		{C367EAF1-20C1-4696-8B3C-F0DD2BA428C7}.Release|Any CPU.ActiveCfg = Release|Any CPU
		{C367EAF1-20C1-4696-8B3C-F0DD2BA428C7}.Release|Any CPU.Build.0 = Release|Any CPU
	EndGlobalSection
	GlobalSection(SolutionProperties) = preSolution
		HideSolutionNode = FALSE
	EndGlobalSection
	GlobalSection(ExtensibilityGlobals) = postSolution
		SolutionGuid = {95970402-9D72-497D-AC68-6E807BE226F9}
	EndGlobalSection
EndGlobal
